
Microsoft Visual Studio Solution File, Format Version 12.00
# Visual Studio 2013
VisualStudioVersion = 12.0.31101.0
MinimumVisualStudioVersion = 10.0.40219.1
Project("{FAE04EC0-301F-11D3-BF4B-00C04F79EFBC}") = "Dhgms.JobHelper.Core", "Dhgms.JobHelper.Core\Dhgms.JobHelper.Core.csproj", "{3E42CFCA-10B0-4429-82B3-732926C22113}"
EndProject
Project("{FAE04EC0-301F-11D3-BF4B-00C04F79EFBC}") = "Dhgms.JobHelper.Tests", "Dhgms.JobHelper.Tests\Dhgms.JobHelper.Tests.csproj", "{18980D17-EE94-428A-BA5D-98364EE12493}"
EndProject
Project("{2150E333-8FDC-42A3-9474-1A3956D46DE8}") = ".nuget", ".nuget", "{3C43FCBE-9D91-4963-964E-062464E21160}"
	ProjectSection(SolutionItems) = preProject
		.nuget\NuGet.Config = .nuget\NuGet.Config
		.nuget\NuGet.exe = .nuget\NuGet.exe
		.nuget\NuGet.targets = .nuget\NuGet.targets
	EndProjectSection
EndProject
Project("{FAE04EC0-301F-11D3-BF4B-00C04F79EFBC}") = "Dhgms.JobHelper.Mock.SiloHost", "Dhgms.JobHelper.Mock.SiloHost\Dhgms.JobHelper.Mock.SiloHost.csproj", "{0C31A744-519F-45EB-AAEC-3333377B80F9}"
EndProject
Project("{FAE04EC0-301F-11D3-BF4B-00C04F79EFBC}") = "Dhgms.JobHelper.OrleansGrainInterfaces", "Dhgms.JobHelper.OrleansGrainInterfaces\Dhgms.JobHelper.OrleansGrainInterfaces.csproj", "{828AC4A8-B85E-4D5D-A5E1-7C68BC29F536}"
EndProject
Project("{FAE04EC0-301F-11D3-BF4B-00C04F79EFBC}") = "Dhgms.JobHelper.OrleansGrains", "Dhgms.JobHelper.OrleansGrains\Dhgms.JobHelper.OrleansGrains.csproj", "{1A8B94A6-0DDE-4427-9607-59C49C4B153C}"
EndProject
Global
	GlobalSection(SolutionConfigurationPlatforms) = preSolution
		Debug|Any CPU = Debug|Any CPU
		Release|Any CPU = Release|Any CPU
	EndGlobalSection
	GlobalSection(ProjectConfigurationPlatforms) = postSolution
		{3E42CFCA-10B0-4429-82B3-732926C22113}.Debug|Any CPU.ActiveCfg = Debug|Any CPU
		{3E42CFCA-10B0-4429-82B3-732926C22113}.Debug|Any CPU.Build.0 = Debug|Any CPU
		{3E42CFCA-10B0-4429-82B3-732926C22113}.Release|Any CPU.ActiveCfg = Release|Any CPU
		{3E42CFCA-10B0-4429-82B3-732926C22113}.Release|Any CPU.Build.0 = Release|Any CPU
		{18980D17-EE94-428A-BA5D-98364EE12493}.Debug|Any CPU.ActiveCfg = Debug|Any CPU
		{18980D17-EE94-428A-BA5D-98364EE12493}.Debug|Any CPU.Build.0 = Debug|Any CPU
		{18980D17-EE94-428A-BA5D-98364EE12493}.Release|Any CPU.ActiveCfg = Release|Any CPU
		{18980D17-EE94-428A-BA5D-98364EE12493}.Release|Any CPU.Build.0 = Release|Any CPU
		{0C31A744-519F-45EB-AAEC-3333377B80F9}.Debug|Any CPU.ActiveCfg = Debug|Any CPU
		{0C31A744-519F-45EB-AAEC-3333377B80F9}.Debug|Any CPU.Build.0 = Debug|Any CPU
		{0C31A744-519F-45EB-AAEC-3333377B80F9}.Release|Any CPU.ActiveCfg = Release|Any CPU
		{0C31A744-519F-45EB-AAEC-3333377B80F9}.Release|Any CPU.Build.0 = Release|Any CPU
		{828AC4A8-B85E-4D5D-A5E1-7C68BC29F536}.Debug|Any CPU.ActiveCfg = Debug|Any CPU
		{828AC4A8-B85E-4D5D-A5E1-7C68BC29F536}.Debug|Any CPU.Build.0 = Debug|Any CPU
		{828AC4A8-B85E-4D5D-A5E1-7C68BC29F536}.Release|Any CPU.ActiveCfg = Release|Any CPU
		{828AC4A8-B85E-4D5D-A5E1-7C68BC29F536}.Release|Any CPU.Build.0 = Release|Any CPU
		{1A8B94A6-0DDE-4427-9607-59C49C4B153C}.Debug|Any CPU.ActiveCfg = Debug|Any CPU
		{1A8B94A6-0DDE-4427-9607-59C49C4B153C}.Debug|Any CPU.Build.0 = Debug|Any CPU
		{1A8B94A6-0DDE-4427-9607-59C49C4B153C}.Release|Any CPU.ActiveCfg = Release|Any CPU
		{1A8B94A6-0DDE-4427-9607-59C49C4B153C}.Release|Any CPU.Build.0 = Release|Any CPU
	EndGlobalSection
	GlobalSection(SolutionProperties) = preSolution
		HideSolutionNode = FALSE
	EndGlobalSection
EndGlobal
