
Microsoft Visual Studio Solution File, Format Version 12.00
# Visual Studio 14
VisualStudioVersion = 14.0.25420.1
MinimumVisualStudioVersion = 10.0.40219.1
Project("{FAE04EC0-301F-11D3-BF4B-00C04F79EFBC}") = "Dhgms.JobHelper.Core", "Dhgms.JobHelper.Core\Dhgms.JobHelper.Core.csproj", "{3E42CFCA-10B0-4429-82B3-732926C22113}"
EndProject
Project("{FAE04EC0-301F-11D3-BF4B-00C04F79EFBC}") = "Dhgms.JobHelper.UnitTests", "Dhgms.JobHelper.Tests\Dhgms.JobHelper.UnitTests.csproj", "{18980D17-EE94-428A-BA5D-98364EE12493}"
EndProject
Project("{2150E333-8FDC-42A3-9474-1A3956D46DE8}") = ".nuget", ".nuget", "{3C43FCBE-9D91-4963-964E-062464E21160}"
EndProject
Project("{FAE04EC0-301F-11D3-BF4B-00C04F79EFBC}") = "Dhgms.JobHelper.Mock.QuartzNet", "Dhgms.JobHelper.Mock.QuartzNet\Dhgms.JobHelper.Mock.QuartzNet.csproj", "{9C221F35-0C84-46C6-BED7-1B62CBFE1844}"
EndProject
Project("{FAE04EC0-301F-11D3-BF4B-00C04F79EFBC}") = "Dhgms.JobHelper.Mock.HangFire", "Dhgms.JobHelper.Mock.HangFire\Dhgms.JobHelper.Mock.HangFire.csproj", "{13BF38D7-F560-494A-BD74-DDA547120E10}"
EndProject
Project("{FAE04EC0-301F-11D3-BF4B-00C04F79EFBC}") = "Dhgms.JobHelper.Mock.Standalone", "Dhgms.JobHelper.Mock.Standalone\Dhgms.JobHelper.Mock.Standalone.csproj", "{98014854-DE74-4073-ABD1-BC8D4FF4DD67}"
EndProject
Project("{2150E333-8FDC-42A3-9474-1A3956D46DE8}") = "Tests", "Tests", "{14C11533-B479-4F8F-AC41-F57B3D8A35EB}"
EndProject
Project("{2150E333-8FDC-42A3-9474-1A3956D46DE8}") = "Mocks", "Mocks", "{BD96F256-EA1F-482D-8402-FCF65330079C}"
EndProject
Project("{FAE04EC0-301F-11D3-BF4B-00C04F79EFBC}") = "Dhgms.JobHelper.OrleansGrainInterfaceCollection", "Dhgms.JobHelper.OrleansGrainInterfaceCollection\Dhgms.JobHelper.OrleansGrainInterfaceCollection.csproj", "{3A36BDEC-FB5D-419C-93BA-A8DCFC284CD0}"
EndProject
Project("{FAE04EC0-301F-11D3-BF4B-00C04F79EFBC}") = "Dhgms.JobHelper.OrleansGrainClassCollection", "Dhgms.JobHelper.OrleansGrainClassCollection\Dhgms.JobHelper.OrleansGrainClassCollection.csproj", "{11AC7BE0-9AAB-456B-8E34-3F08084C898E}"
EndProject
Project("{FAE04EC0-301F-11D3-BF4B-00C04F79EFBC}") = "Dhgms.JobHelper.Mock.OrleansHost", "Dhgms.JobHelper.Mock.OrleansHost\Dhgms.JobHelper.Mock.OrleansHost.csproj", "{A5CAAC37-2C47-4825-844F-5F3838D48F73}"
EndProject
Project("{FAE04EC0-301F-11D3-BF4B-00C04F79EFBC}") = "Dhgms.JobHelper.Mock.SignalRDashboard", "Dhgms.JobHelper.Mock.SignalRDashboard\Dhgms.JobHelper.Mock.SignalRDashboard.csproj", "{678E1C91-7953-494D-A89F-274C535C3995}"
EndProject
Project("{FAE04EC0-301F-11D3-BF4B-00C04F79EFBC}") = "Dhgms.JobHelper.EntityFramework", "Dhgms.JobHelper.EntityFramework\Dhgms.JobHelper.EntityFramework.csproj", "{AF582601-B805-437F-960E-54666EBE0D4F}"
EndProject
Project("{FAE04EC0-301F-11D3-BF4B-00C04F79EFBC}") = "Dhgms.JobHelper.ApiWebSite", "Dhgms.JobHelper.ApiWebSite\Dhgms.JobHelper.ApiWebSite.csproj", "{9EF56E45-17CA-43BF-A846-991F2A96E8CC}"
EndProject
Project("{2150E333-8FDC-42A3-9474-1A3956D46DE8}") = "Server", "Server", "{981FB8A7-273B-49F2-9950-7C57D11F5913}"
EndProject
Project("{2150E333-8FDC-42A3-9474-1A3956D46DE8}") = "Client", "Client", "{6C3A5728-BEEE-4B85-966D-4B92A98E53F5}"
EndProject
Project("{FAE04EC0-301F-11D3-BF4B-00C04F79EFBC}") = "Dhgms.JobTracking.Client", "Dhgms.JobTracking.Client\Dhgms.JobTracking.Client.csproj", "{2A2D6013-39A4-47E8-80E6-DC8A8B51349B}"
EndProject
Project("{FAE04EC0-301F-11D3-BF4B-00C04F79EFBC}") = "Dhgms.JobHelper.Sample.Uwp", "Dhgms.JobHelper.Sample.Uwp\Dhgms.JobHelper.Sample.Uwp.csproj", "{29AE96BE-98F5-4C78-AD63-A6F08E12F9A8}"
EndProject
Project("{FAE04EC0-301F-11D3-BF4B-00C04F79EFBC}") = "Dhgms.JobHelper.Sample.Wpf", "Dhgms.JobHelper.Sample.Wpf\Dhgms.JobHelper.Sample.Wpf.csproj", "{E0562D41-E75C-413D-8ACC-96F412A2036C}"
EndProject
Global
	GlobalSection(SolutionConfigurationPlatforms) = preSolution
		Debug|Any CPU = Debug|Any CPU
		Debug|ARM = Debug|ARM
		Debug|x64 = Debug|x64
		Debug|x86 = Debug|x86
		Release|Any CPU = Release|Any CPU
		Release|ARM = Release|ARM
		Release|x64 = Release|x64
		Release|x86 = Release|x86
	EndGlobalSection
	GlobalSection(ProjectConfigurationPlatforms) = postSolution
		{3E42CFCA-10B0-4429-82B3-732926C22113}.Debug|Any CPU.ActiveCfg = Debug|Any CPU
		{3E42CFCA-10B0-4429-82B3-732926C22113}.Debug|Any CPU.Build.0 = Debug|Any CPU
		{3E42CFCA-10B0-4429-82B3-732926C22113}.Debug|ARM.ActiveCfg = Debug|Any CPU
		{3E42CFCA-10B0-4429-82B3-732926C22113}.Debug|ARM.Build.0 = Debug|Any CPU
		{3E42CFCA-10B0-4429-82B3-732926C22113}.Debug|x64.ActiveCfg = Debug|Any CPU
		{3E42CFCA-10B0-4429-82B3-732926C22113}.Debug|x64.Build.0 = Debug|Any CPU
		{3E42CFCA-10B0-4429-82B3-732926C22113}.Debug|x86.ActiveCfg = Debug|Any CPU
		{3E42CFCA-10B0-4429-82B3-732926C22113}.Debug|x86.Build.0 = Debug|Any CPU
		{3E42CFCA-10B0-4429-82B3-732926C22113}.Release|Any CPU.ActiveCfg = Release|Any CPU
		{3E42CFCA-10B0-4429-82B3-732926C22113}.Release|Any CPU.Build.0 = Release|Any CPU
		{3E42CFCA-10B0-4429-82B3-732926C22113}.Release|ARM.ActiveCfg = Release|Any CPU
		{3E42CFCA-10B0-4429-82B3-732926C22113}.Release|ARM.Build.0 = Release|Any CPU
		{3E42CFCA-10B0-4429-82B3-732926C22113}.Release|x64.ActiveCfg = Release|Any CPU
		{3E42CFCA-10B0-4429-82B3-732926C22113}.Release|x64.Build.0 = Release|Any CPU
		{3E42CFCA-10B0-4429-82B3-732926C22113}.Release|x86.ActiveCfg = Release|Any CPU
		{3E42CFCA-10B0-4429-82B3-732926C22113}.Release|x86.Build.0 = Release|Any CPU
		{18980D17-EE94-428A-BA5D-98364EE12493}.Debug|Any CPU.ActiveCfg = Debug|Any CPU
		{18980D17-EE94-428A-BA5D-98364EE12493}.Debug|Any CPU.Build.0 = Debug|Any CPU
		{18980D17-EE94-428A-BA5D-98364EE12493}.Debug|ARM.ActiveCfg = Debug|Any CPU
		{18980D17-EE94-428A-BA5D-98364EE12493}.Debug|ARM.Build.0 = Debug|Any CPU
		{18980D17-EE94-428A-BA5D-98364EE12493}.Debug|x64.ActiveCfg = Debug|Any CPU
		{18980D17-EE94-428A-BA5D-98364EE12493}.Debug|x64.Build.0 = Debug|Any CPU
		{18980D17-EE94-428A-BA5D-98364EE12493}.Debug|x86.ActiveCfg = Debug|Any CPU
		{18980D17-EE94-428A-BA5D-98364EE12493}.Debug|x86.Build.0 = Debug|Any CPU
		{18980D17-EE94-428A-BA5D-98364EE12493}.Release|Any CPU.ActiveCfg = Release|Any CPU
		{18980D17-EE94-428A-BA5D-98364EE12493}.Release|Any CPU.Build.0 = Release|Any CPU
		{18980D17-EE94-428A-BA5D-98364EE12493}.Release|ARM.ActiveCfg = Release|Any CPU
		{18980D17-EE94-428A-BA5D-98364EE12493}.Release|ARM.Build.0 = Release|Any CPU
		{18980D17-EE94-428A-BA5D-98364EE12493}.Release|x64.ActiveCfg = Release|Any CPU
		{18980D17-EE94-428A-BA5D-98364EE12493}.Release|x64.Build.0 = Release|Any CPU
		{18980D17-EE94-428A-BA5D-98364EE12493}.Release|x86.ActiveCfg = Release|Any CPU
		{18980D17-EE94-428A-BA5D-98364EE12493}.Release|x86.Build.0 = Release|Any CPU
		{9C221F35-0C84-46C6-BED7-1B62CBFE1844}.Debug|Any CPU.ActiveCfg = Debug|Any CPU
		{9C221F35-0C84-46C6-BED7-1B62CBFE1844}.Debug|Any CPU.Build.0 = Debug|Any CPU
		{9C221F35-0C84-46C6-BED7-1B62CBFE1844}.Debug|ARM.ActiveCfg = Debug|Any CPU
		{9C221F35-0C84-46C6-BED7-1B62CBFE1844}.Debug|ARM.Build.0 = Debug|Any CPU
		{9C221F35-0C84-46C6-BED7-1B62CBFE1844}.Debug|x64.ActiveCfg = Debug|Any CPU
		{9C221F35-0C84-46C6-BED7-1B62CBFE1844}.Debug|x64.Build.0 = Debug|Any CPU
		{9C221F35-0C84-46C6-BED7-1B62CBFE1844}.Debug|x86.ActiveCfg = Debug|Any CPU
		{9C221F35-0C84-46C6-BED7-1B62CBFE1844}.Debug|x86.Build.0 = Debug|Any CPU
		{9C221F35-0C84-46C6-BED7-1B62CBFE1844}.Release|Any CPU.ActiveCfg = Release|Any CPU
		{9C221F35-0C84-46C6-BED7-1B62CBFE1844}.Release|Any CPU.Build.0 = Release|Any CPU
		{9C221F35-0C84-46C6-BED7-1B62CBFE1844}.Release|ARM.ActiveCfg = Release|Any CPU
		{9C221F35-0C84-46C6-BED7-1B62CBFE1844}.Release|ARM.Build.0 = Release|Any CPU
		{9C221F35-0C84-46C6-BED7-1B62CBFE1844}.Release|x64.ActiveCfg = Release|Any CPU
		{9C221F35-0C84-46C6-BED7-1B62CBFE1844}.Release|x64.Build.0 = Release|Any CPU
		{9C221F35-0C84-46C6-BED7-1B62CBFE1844}.Release|x86.ActiveCfg = Release|Any CPU
		{9C221F35-0C84-46C6-BED7-1B62CBFE1844}.Release|x86.Build.0 = Release|Any CPU
		{13BF38D7-F560-494A-BD74-DDA547120E10}.Debug|Any CPU.ActiveCfg = Debug|Any CPU
		{13BF38D7-F560-494A-BD74-DDA547120E10}.Debug|Any CPU.Build.0 = Debug|Any CPU
		{13BF38D7-F560-494A-BD74-DDA547120E10}.Debug|ARM.ActiveCfg = Debug|Any CPU
		{13BF38D7-F560-494A-BD74-DDA547120E10}.Debug|ARM.Build.0 = Debug|Any CPU
		{13BF38D7-F560-494A-BD74-DDA547120E10}.Debug|x64.ActiveCfg = Debug|Any CPU
		{13BF38D7-F560-494A-BD74-DDA547120E10}.Debug|x64.Build.0 = Debug|Any CPU
		{13BF38D7-F560-494A-BD74-DDA547120E10}.Debug|x86.ActiveCfg = Debug|Any CPU
		{13BF38D7-F560-494A-BD74-DDA547120E10}.Debug|x86.Build.0 = Debug|Any CPU
		{13BF38D7-F560-494A-BD74-DDA547120E10}.Release|Any CPU.ActiveCfg = Release|Any CPU
		{13BF38D7-F560-494A-BD74-DDA547120E10}.Release|Any CPU.Build.0 = Release|Any CPU
		{13BF38D7-F560-494A-BD74-DDA547120E10}.Release|ARM.ActiveCfg = Release|Any CPU
		{13BF38D7-F560-494A-BD74-DDA547120E10}.Release|ARM.Build.0 = Release|Any CPU
		{13BF38D7-F560-494A-BD74-DDA547120E10}.Release|x64.ActiveCfg = Release|Any CPU
		{13BF38D7-F560-494A-BD74-DDA547120E10}.Release|x64.Build.0 = Release|Any CPU
		{13BF38D7-F560-494A-BD74-DDA547120E10}.Release|x86.ActiveCfg = Release|Any CPU
		{13BF38D7-F560-494A-BD74-DDA547120E10}.Release|x86.Build.0 = Release|Any CPU
		{98014854-DE74-4073-ABD1-BC8D4FF4DD67}.Debug|Any CPU.ActiveCfg = Debug|Any CPU
		{98014854-DE74-4073-ABD1-BC8D4FF4DD67}.Debug|Any CPU.Build.0 = Debug|Any CPU
		{98014854-DE74-4073-ABD1-BC8D4FF4DD67}.Debug|ARM.ActiveCfg = Debug|Any CPU
		{98014854-DE74-4073-ABD1-BC8D4FF4DD67}.Debug|ARM.Build.0 = Debug|Any CPU
		{98014854-DE74-4073-ABD1-BC8D4FF4DD67}.Debug|x64.ActiveCfg = Debug|Any CPU
		{98014854-DE74-4073-ABD1-BC8D4FF4DD67}.Debug|x64.Build.0 = Debug|Any CPU
		{98014854-DE74-4073-ABD1-BC8D4FF4DD67}.Debug|x86.ActiveCfg = Debug|Any CPU
		{98014854-DE74-4073-ABD1-BC8D4FF4DD67}.Debug|x86.Build.0 = Debug|Any CPU
		{98014854-DE74-4073-ABD1-BC8D4FF4DD67}.Release|Any CPU.ActiveCfg = Release|Any CPU
		{98014854-DE74-4073-ABD1-BC8D4FF4DD67}.Release|Any CPU.Build.0 = Release|Any CPU
		{98014854-DE74-4073-ABD1-BC8D4FF4DD67}.Release|ARM.ActiveCfg = Release|Any CPU
		{98014854-DE74-4073-ABD1-BC8D4FF4DD67}.Release|ARM.Build.0 = Release|Any CPU
		{98014854-DE74-4073-ABD1-BC8D4FF4DD67}.Release|x64.ActiveCfg = Release|Any CPU
		{98014854-DE74-4073-ABD1-BC8D4FF4DD67}.Release|x64.Build.0 = Release|Any CPU
		{98014854-DE74-4073-ABD1-BC8D4FF4DD67}.Release|x86.ActiveCfg = Release|Any CPU
		{98014854-DE74-4073-ABD1-BC8D4FF4DD67}.Release|x86.Build.0 = Release|Any CPU
		{3A36BDEC-FB5D-419C-93BA-A8DCFC284CD0}.Debug|Any CPU.ActiveCfg = Debug|Any CPU
		{3A36BDEC-FB5D-419C-93BA-A8DCFC284CD0}.Debug|Any CPU.Build.0 = Debug|Any CPU
		{3A36BDEC-FB5D-419C-93BA-A8DCFC284CD0}.Debug|ARM.ActiveCfg = Debug|Any CPU
		{3A36BDEC-FB5D-419C-93BA-A8DCFC284CD0}.Debug|ARM.Build.0 = Debug|Any CPU
		{3A36BDEC-FB5D-419C-93BA-A8DCFC284CD0}.Debug|x64.ActiveCfg = Debug|Any CPU
		{3A36BDEC-FB5D-419C-93BA-A8DCFC284CD0}.Debug|x64.Build.0 = Debug|Any CPU
		{3A36BDEC-FB5D-419C-93BA-A8DCFC284CD0}.Debug|x86.ActiveCfg = Debug|Any CPU
		{3A36BDEC-FB5D-419C-93BA-A8DCFC284CD0}.Debug|x86.Build.0 = Debug|Any CPU
		{3A36BDEC-FB5D-419C-93BA-A8DCFC284CD0}.Release|Any CPU.ActiveCfg = Release|Any CPU
		{3A36BDEC-FB5D-419C-93BA-A8DCFC284CD0}.Release|Any CPU.Build.0 = Release|Any CPU
		{3A36BDEC-FB5D-419C-93BA-A8DCFC284CD0}.Release|ARM.ActiveCfg = Release|Any CPU
		{3A36BDEC-FB5D-419C-93BA-A8DCFC284CD0}.Release|ARM.Build.0 = Release|Any CPU
		{3A36BDEC-FB5D-419C-93BA-A8DCFC284CD0}.Release|x64.ActiveCfg = Release|Any CPU
		{3A36BDEC-FB5D-419C-93BA-A8DCFC284CD0}.Release|x64.Build.0 = Release|Any CPU
		{3A36BDEC-FB5D-419C-93BA-A8DCFC284CD0}.Release|x86.ActiveCfg = Release|Any CPU
		{3A36BDEC-FB5D-419C-93BA-A8DCFC284CD0}.Release|x86.Build.0 = Release|Any CPU
		{11AC7BE0-9AAB-456B-8E34-3F08084C898E}.Debug|Any CPU.ActiveCfg = Debug|Any CPU
		{11AC7BE0-9AAB-456B-8E34-3F08084C898E}.Debug|Any CPU.Build.0 = Debug|Any CPU
		{11AC7BE0-9AAB-456B-8E34-3F08084C898E}.Debug|ARM.ActiveCfg = Debug|Any CPU
		{11AC7BE0-9AAB-456B-8E34-3F08084C898E}.Debug|ARM.Build.0 = Debug|Any CPU
		{11AC7BE0-9AAB-456B-8E34-3F08084C898E}.Debug|x64.ActiveCfg = Debug|Any CPU
		{11AC7BE0-9AAB-456B-8E34-3F08084C898E}.Debug|x64.Build.0 = Debug|Any CPU
		{11AC7BE0-9AAB-456B-8E34-3F08084C898E}.Debug|x86.ActiveCfg = Debug|Any CPU
		{11AC7BE0-9AAB-456B-8E34-3F08084C898E}.Debug|x86.Build.0 = Debug|Any CPU
		{11AC7BE0-9AAB-456B-8E34-3F08084C898E}.Release|Any CPU.ActiveCfg = Release|Any CPU
		{11AC7BE0-9AAB-456B-8E34-3F08084C898E}.Release|Any CPU.Build.0 = Release|Any CPU
		{11AC7BE0-9AAB-456B-8E34-3F08084C898E}.Release|ARM.ActiveCfg = Release|Any CPU
		{11AC7BE0-9AAB-456B-8E34-3F08084C898E}.Release|ARM.Build.0 = Release|Any CPU
		{11AC7BE0-9AAB-456B-8E34-3F08084C898E}.Release|x64.ActiveCfg = Release|Any CPU
		{11AC7BE0-9AAB-456B-8E34-3F08084C898E}.Release|x64.Build.0 = Release|Any CPU
		{11AC7BE0-9AAB-456B-8E34-3F08084C898E}.Release|x86.ActiveCfg = Release|Any CPU
		{11AC7BE0-9AAB-456B-8E34-3F08084C898E}.Release|x86.Build.0 = Release|Any CPU
		{A5CAAC37-2C47-4825-844F-5F3838D48F73}.Debug|Any CPU.ActiveCfg = Debug|Any CPU
		{A5CAAC37-2C47-4825-844F-5F3838D48F73}.Debug|Any CPU.Build.0 = Debug|Any CPU
		{A5CAAC37-2C47-4825-844F-5F3838D48F73}.Debug|ARM.ActiveCfg = Debug|Any CPU
		{A5CAAC37-2C47-4825-844F-5F3838D48F73}.Debug|ARM.Build.0 = Debug|Any CPU
		{A5CAAC37-2C47-4825-844F-5F3838D48F73}.Debug|x64.ActiveCfg = Debug|Any CPU
		{A5CAAC37-2C47-4825-844F-5F3838D48F73}.Debug|x64.Build.0 = Debug|Any CPU
		{A5CAAC37-2C47-4825-844F-5F3838D48F73}.Debug|x86.ActiveCfg = Debug|Any CPU
		{A5CAAC37-2C47-4825-844F-5F3838D48F73}.Debug|x86.Build.0 = Debug|Any CPU
		{A5CAAC37-2C47-4825-844F-5F3838D48F73}.Release|Any CPU.ActiveCfg = Release|Any CPU
		{A5CAAC37-2C47-4825-844F-5F3838D48F73}.Release|Any CPU.Build.0 = Release|Any CPU
		{A5CAAC37-2C47-4825-844F-5F3838D48F73}.Release|ARM.ActiveCfg = Release|Any CPU
		{A5CAAC37-2C47-4825-844F-5F3838D48F73}.Release|ARM.Build.0 = Release|Any CPU
		{A5CAAC37-2C47-4825-844F-5F3838D48F73}.Release|x64.ActiveCfg = Release|Any CPU
		{A5CAAC37-2C47-4825-844F-5F3838D48F73}.Release|x64.Build.0 = Release|Any CPU
		{A5CAAC37-2C47-4825-844F-5F3838D48F73}.Release|x86.ActiveCfg = Release|Any CPU
		{A5CAAC37-2C47-4825-844F-5F3838D48F73}.Release|x86.Build.0 = Release|Any CPU
		{678E1C91-7953-494D-A89F-274C535C3995}.Debug|Any CPU.ActiveCfg = Debug|Any CPU
		{678E1C91-7953-494D-A89F-274C535C3995}.Debug|Any CPU.Build.0 = Debug|Any CPU
		{678E1C91-7953-494D-A89F-274C535C3995}.Debug|ARM.ActiveCfg = Debug|Any CPU
		{678E1C91-7953-494D-A89F-274C535C3995}.Debug|ARM.Build.0 = Debug|Any CPU
		{678E1C91-7953-494D-A89F-274C535C3995}.Debug|x64.ActiveCfg = Debug|Any CPU
		{678E1C91-7953-494D-A89F-274C535C3995}.Debug|x64.Build.0 = Debug|Any CPU
		{678E1C91-7953-494D-A89F-274C535C3995}.Debug|x86.ActiveCfg = Debug|Any CPU
		{678E1C91-7953-494D-A89F-274C535C3995}.Debug|x86.Build.0 = Debug|Any CPU
		{678E1C91-7953-494D-A89F-274C535C3995}.Release|Any CPU.ActiveCfg = Release|Any CPU
		{678E1C91-7953-494D-A89F-274C535C3995}.Release|Any CPU.Build.0 = Release|Any CPU
		{678E1C91-7953-494D-A89F-274C535C3995}.Release|ARM.ActiveCfg = Release|Any CPU
		{678E1C91-7953-494D-A89F-274C535C3995}.Release|ARM.Build.0 = Release|Any CPU
		{678E1C91-7953-494D-A89F-274C535C3995}.Release|x64.ActiveCfg = Release|Any CPU
		{678E1C91-7953-494D-A89F-274C535C3995}.Release|x64.Build.0 = Release|Any CPU
		{678E1C91-7953-494D-A89F-274C535C3995}.Release|x86.ActiveCfg = Release|Any CPU
		{678E1C91-7953-494D-A89F-274C535C3995}.Release|x86.Build.0 = Release|Any CPU
		{AF582601-B805-437F-960E-54666EBE0D4F}.Debug|Any CPU.ActiveCfg = Debug|Any CPU
		{AF582601-B805-437F-960E-54666EBE0D4F}.Debug|Any CPU.Build.0 = Debug|Any CPU
		{AF582601-B805-437F-960E-54666EBE0D4F}.Debug|ARM.ActiveCfg = Debug|Any CPU
		{AF582601-B805-437F-960E-54666EBE0D4F}.Debug|ARM.Build.0 = Debug|Any CPU
		{AF582601-B805-437F-960E-54666EBE0D4F}.Debug|x64.ActiveCfg = Debug|Any CPU
		{AF582601-B805-437F-960E-54666EBE0D4F}.Debug|x64.Build.0 = Debug|Any CPU
		{AF582601-B805-437F-960E-54666EBE0D4F}.Debug|x86.ActiveCfg = Debug|Any CPU
		{AF582601-B805-437F-960E-54666EBE0D4F}.Debug|x86.Build.0 = Debug|Any CPU
		{AF582601-B805-437F-960E-54666EBE0D4F}.Release|Any CPU.ActiveCfg = Release|Any CPU
		{AF582601-B805-437F-960E-54666EBE0D4F}.Release|Any CPU.Build.0 = Release|Any CPU
		{AF582601-B805-437F-960E-54666EBE0D4F}.Release|ARM.ActiveCfg = Release|Any CPU
		{AF582601-B805-437F-960E-54666EBE0D4F}.Release|ARM.Build.0 = Release|Any CPU
		{AF582601-B805-437F-960E-54666EBE0D4F}.Release|x64.ActiveCfg = Release|Any CPU
		{AF582601-B805-437F-960E-54666EBE0D4F}.Release|x64.Build.0 = Release|Any CPU
		{AF582601-B805-437F-960E-54666EBE0D4F}.Release|x86.ActiveCfg = Release|Any CPU
		{AF582601-B805-437F-960E-54666EBE0D4F}.Release|x86.Build.0 = Release|Any CPU
		{9EF56E45-17CA-43BF-A846-991F2A96E8CC}.Debug|Any CPU.ActiveCfg = Debug|Any CPU
		{9EF56E45-17CA-43BF-A846-991F2A96E8CC}.Debug|Any CPU.Build.0 = Debug|Any CPU
		{9EF56E45-17CA-43BF-A846-991F2A96E8CC}.Debug|ARM.ActiveCfg = Debug|Any CPU
		{9EF56E45-17CA-43BF-A846-991F2A96E8CC}.Debug|ARM.Build.0 = Debug|Any CPU
		{9EF56E45-17CA-43BF-A846-991F2A96E8CC}.Debug|x64.ActiveCfg = Debug|Any CPU
		{9EF56E45-17CA-43BF-A846-991F2A96E8CC}.Debug|x64.Build.0 = Debug|Any CPU
		{9EF56E45-17CA-43BF-A846-991F2A96E8CC}.Debug|x86.ActiveCfg = Debug|Any CPU
		{9EF56E45-17CA-43BF-A846-991F2A96E8CC}.Debug|x86.Build.0 = Debug|Any CPU
		{9EF56E45-17CA-43BF-A846-991F2A96E8CC}.Release|Any CPU.ActiveCfg = Release|Any CPU
		{9EF56E45-17CA-43BF-A846-991F2A96E8CC}.Release|Any CPU.Build.0 = Release|Any CPU
		{9EF56E45-17CA-43BF-A846-991F2A96E8CC}.Release|ARM.ActiveCfg = Release|Any CPU
		{9EF56E45-17CA-43BF-A846-991F2A96E8CC}.Release|ARM.Build.0 = Release|Any CPU
		{9EF56E45-17CA-43BF-A846-991F2A96E8CC}.Release|x64.ActiveCfg = Release|Any CPU
		{9EF56E45-17CA-43BF-A846-991F2A96E8CC}.Release|x64.Build.0 = Release|Any CPU
		{9EF56E45-17CA-43BF-A846-991F2A96E8CC}.Release|x86.ActiveCfg = Release|Any CPU
		{9EF56E45-17CA-43BF-A846-991F2A96E8CC}.Release|x86.Build.0 = Release|Any CPU
		{2A2D6013-39A4-47E8-80E6-DC8A8B51349B}.Debug|Any CPU.ActiveCfg = Debug|Any CPU
		{2A2D6013-39A4-47E8-80E6-DC8A8B51349B}.Debug|Any CPU.Build.0 = Debug|Any CPU
		{2A2D6013-39A4-47E8-80E6-DC8A8B51349B}.Debug|ARM.ActiveCfg = Debug|Any CPU
		{2A2D6013-39A4-47E8-80E6-DC8A8B51349B}.Debug|ARM.Build.0 = Debug|Any CPU
		{2A2D6013-39A4-47E8-80E6-DC8A8B51349B}.Debug|x64.ActiveCfg = Debug|Any CPU
		{2A2D6013-39A4-47E8-80E6-DC8A8B51349B}.Debug|x64.Build.0 = Debug|Any CPU
		{2A2D6013-39A4-47E8-80E6-DC8A8B51349B}.Debug|x86.ActiveCfg = Debug|Any CPU
		{2A2D6013-39A4-47E8-80E6-DC8A8B51349B}.Debug|x86.Build.0 = Debug|Any CPU
		{2A2D6013-39A4-47E8-80E6-DC8A8B51349B}.Release|Any CPU.ActiveCfg = Release|Any CPU
		{2A2D6013-39A4-47E8-80E6-DC8A8B51349B}.Release|Any CPU.Build.0 = Release|Any CPU
		{2A2D6013-39A4-47E8-80E6-DC8A8B51349B}.Release|ARM.ActiveCfg = Release|Any CPU
		{2A2D6013-39A4-47E8-80E6-DC8A8B51349B}.Release|ARM.Build.0 = Release|Any CPU
		{2A2D6013-39A4-47E8-80E6-DC8A8B51349B}.Release|x64.ActiveCfg = Release|Any CPU
		{2A2D6013-39A4-47E8-80E6-DC8A8B51349B}.Release|x64.Build.0 = Release|Any CPU
		{2A2D6013-39A4-47E8-80E6-DC8A8B51349B}.Release|x86.ActiveCfg = Release|Any CPU
		{2A2D6013-39A4-47E8-80E6-DC8A8B51349B}.Release|x86.Build.0 = Release|Any CPU
		{29AE96BE-98F5-4C78-AD63-A6F08E12F9A8}.Debug|Any CPU.ActiveCfg = Debug|x86
		{29AE96BE-98F5-4C78-AD63-A6F08E12F9A8}.Debug|ARM.ActiveCfg = Debug|ARM
		{29AE96BE-98F5-4C78-AD63-A6F08E12F9A8}.Debug|ARM.Build.0 = Debug|ARM
		{29AE96BE-98F5-4C78-AD63-A6F08E12F9A8}.Debug|ARM.Deploy.0 = Debug|ARM
		{29AE96BE-98F5-4C78-AD63-A6F08E12F9A8}.Debug|x64.ActiveCfg = Debug|x64
		{29AE96BE-98F5-4C78-AD63-A6F08E12F9A8}.Debug|x64.Build.0 = Debug|x64
		{29AE96BE-98F5-4C78-AD63-A6F08E12F9A8}.Debug|x64.Deploy.0 = Debug|x64
		{29AE96BE-98F5-4C78-AD63-A6F08E12F9A8}.Debug|x86.ActiveCfg = Debug|x86
		{29AE96BE-98F5-4C78-AD63-A6F08E12F9A8}.Debug|x86.Build.0 = Debug|x86
		{29AE96BE-98F5-4C78-AD63-A6F08E12F9A8}.Debug|x86.Deploy.0 = Debug|x86
		{29AE96BE-98F5-4C78-AD63-A6F08E12F9A8}.Release|Any CPU.ActiveCfg = Release|x86
		{29AE96BE-98F5-4C78-AD63-A6F08E12F9A8}.Release|ARM.ActiveCfg = Release|ARM
		{29AE96BE-98F5-4C78-AD63-A6F08E12F9A8}.Release|ARM.Build.0 = Release|ARM
		{29AE96BE-98F5-4C78-AD63-A6F08E12F9A8}.Release|ARM.Deploy.0 = Release|ARM
		{29AE96BE-98F5-4C78-AD63-A6F08E12F9A8}.Release|x64.ActiveCfg = Release|x64
		{29AE96BE-98F5-4C78-AD63-A6F08E12F9A8}.Release|x64.Build.0 = Release|x64
		{29AE96BE-98F5-4C78-AD63-A6F08E12F9A8}.Release|x64.Deploy.0 = Release|x64
		{29AE96BE-98F5-4C78-AD63-A6F08E12F9A8}.Release|x86.ActiveCfg = Release|x86
		{29AE96BE-98F5-4C78-AD63-A6F08E12F9A8}.Release|x86.Build.0 = Release|x86
		{29AE96BE-98F5-4C78-AD63-A6F08E12F9A8}.Release|x86.Deploy.0 = Release|x86
		{E0562D41-E75C-413D-8ACC-96F412A2036C}.Debug|Any CPU.ActiveCfg = Debug|Any CPU
		{E0562D41-E75C-413D-8ACC-96F412A2036C}.Debug|Any CPU.Build.0 = Debug|Any CPU
		{E0562D41-E75C-413D-8ACC-96F412A2036C}.Debug|ARM.ActiveCfg = Debug|Any CPU
		{E0562D41-E75C-413D-8ACC-96F412A2036C}.Debug|ARM.Build.0 = Debug|Any CPU
		{E0562D41-E75C-413D-8ACC-96F412A2036C}.Debug|x64.ActiveCfg = Debug|Any CPU
		{E0562D41-E75C-413D-8ACC-96F412A2036C}.Debug|x64.Build.0 = Debug|Any CPU
		{E0562D41-E75C-413D-8ACC-96F412A2036C}.Debug|x86.ActiveCfg = Debug|Any CPU
		{E0562D41-E75C-413D-8ACC-96F412A2036C}.Debug|x86.Build.0 = Debug|Any CPU
		{E0562D41-E75C-413D-8ACC-96F412A2036C}.Release|Any CPU.ActiveCfg = Release|Any CPU
		{E0562D41-E75C-413D-8ACC-96F412A2036C}.Release|Any CPU.Build.0 = Release|Any CPU
		{E0562D41-E75C-413D-8ACC-96F412A2036C}.Release|ARM.ActiveCfg = Release|Any CPU
		{E0562D41-E75C-413D-8ACC-96F412A2036C}.Release|ARM.Build.0 = Release|Any CPU
		{E0562D41-E75C-413D-8ACC-96F412A2036C}.Release|x64.ActiveCfg = Release|Any CPU
		{E0562D41-E75C-413D-8ACC-96F412A2036C}.Release|x64.Build.0 = Release|Any CPU
		{E0562D41-E75C-413D-8ACC-96F412A2036C}.Release|x86.ActiveCfg = Release|Any CPU
		{E0562D41-E75C-413D-8ACC-96F412A2036C}.Release|x86.Build.0 = Release|Any CPU
	EndGlobalSection
	GlobalSection(SolutionProperties) = preSolution
		HideSolutionNode = FALSE
	EndGlobalSection
	GlobalSection(NestedProjects) = preSolution
		{18980D17-EE94-428A-BA5D-98364EE12493} = {14C11533-B479-4F8F-AC41-F57B3D8A35EB}
		{9C221F35-0C84-46C6-BED7-1B62CBFE1844} = {BD96F256-EA1F-482D-8402-FCF65330079C}
		{13BF38D7-F560-494A-BD74-DDA547120E10} = {BD96F256-EA1F-482D-8402-FCF65330079C}
		{98014854-DE74-4073-ABD1-BC8D4FF4DD67} = {BD96F256-EA1F-482D-8402-FCF65330079C}
		{A5CAAC37-2C47-4825-844F-5F3838D48F73} = {BD96F256-EA1F-482D-8402-FCF65330079C}
		{678E1C91-7953-494D-A89F-274C535C3995} = {BD96F256-EA1F-482D-8402-FCF65330079C}
		{9EF56E45-17CA-43BF-A846-991F2A96E8CC} = {981FB8A7-273B-49F2-9950-7C57D11F5913}
		{2A2D6013-39A4-47E8-80E6-DC8A8B51349B} = {6C3A5728-BEEE-4B85-966D-4B92A98E53F5}
		{29AE96BE-98F5-4C78-AD63-A6F08E12F9A8} = {BD96F256-EA1F-482D-8402-FCF65330079C}
		{E0562D41-E75C-413D-8ACC-96F412A2036C} = {BD96F256-EA1F-482D-8402-FCF65330079C}
	EndGlobalSection
EndGlobal
