
Microsoft Visual Studio Solution File, Format Version 12.00
# Visual Studio 14
VisualStudioVersion = 14.0.24720.0
MinimumVisualStudioVersion = 10.0.40219.1
Project("{FAE04EC0-301F-11D3-BF4B-00C04F79EFBC}") = "Dhgms.JobHelper.Core", "Dhgms.JobHelper.Core\Dhgms.JobHelper.Core.csproj", "{3E42CFCA-10B0-4429-82B3-732926C22113}"
EndProject
Project("{FAE04EC0-301F-11D3-BF4B-00C04F79EFBC}") = "Dhgms.JobHelper.Tests", "Dhgms.JobHelper.Tests\Dhgms.JobHelper.Tests.csproj", "{18980D17-EE94-428A-BA5D-98364EE12493}"
EndProject
Project("{2150E333-8FDC-42A3-9474-1A3956D46DE8}") = ".nuget", ".nuget", "{3C43FCBE-9D91-4963-964E-062464E21160}"
EndProject
Project("{FAE04EC0-301F-11D3-BF4B-00C04F79EFBC}") = "Dhgms.JobHelper.Mock.QuartzNet", "Dhgms.JobHelper.Mock.QuartzNet\Dhgms.JobHelper.Mock.QuartzNet.csproj", "{9C221F35-0C84-46C6-BED7-1B62CBFE1844}"
EndProject
Project("{FAE04EC0-301F-11D3-BF4B-00C04F79EFBC}") = "Dhgms.JobHelper.Mock.HangFire", "Dhgms.JobHelper.Mock.HangFire\Dhgms.JobHelper.Mock.HangFire.csproj", "{13BF38D7-F560-494A-BD74-DDA547120E10}"
EndProject
Project("{FAE04EC0-301F-11D3-BF4B-00C04F79EFBC}") = "Dhgms.JobHelper.Mock.Standalone", "Dhgms.JobHelper.Mock.Standalone\Dhgms.JobHelper.Mock.Standalone.csproj", "{98014854-DE74-4073-ABD1-BC8D4FF4DD67}"
EndProject
Project("{2150E333-8FDC-42A3-9474-1A3956D46DE8}") = "Tests", "Tests", "{14C11533-B479-4F8F-AC41-F57B3D8A35EB}"
EndProject
Project("{2150E333-8FDC-42A3-9474-1A3956D46DE8}") = "Mocks", "Mocks", "{BD96F256-EA1F-482D-8402-FCF65330079C}"
EndProject
Project("{FAE04EC0-301F-11D3-BF4B-00C04F79EFBC}") = "Dhgms.JobHelper.OrleansGrainInterfaceCollection", "Dhgms.JobHelper.OrleansGrainInterfaceCollection\Dhgms.JobHelper.OrleansGrainInterfaceCollection.csproj", "{3A36BDEC-FB5D-419C-93BA-A8DCFC284CD0}"
EndProject
Project("{FAE04EC0-301F-11D3-BF4B-00C04F79EFBC}") = "Dhgms.JobHelper.OrleansGrainClassCollection", "Dhgms.JobHelper.OrleansGrainClassCollection\Dhgms.JobHelper.OrleansGrainClassCollection.csproj", "{11AC7BE0-9AAB-456B-8E34-3F08084C898E}"
EndProject
Project("{FAE04EC0-301F-11D3-BF4B-00C04F79EFBC}") = "Dhgms.JobHelper.Mock.OrleansHost", "Dhgms.JobHelper.Mock.OrleansHost\Dhgms.JobHelper.Mock.OrleansHost.csproj", "{A5CAAC37-2C47-4825-844F-5F3838D48F73}"
EndProject
Global
	GlobalSection(SolutionConfigurationPlatforms) = preSolution
		Debug|Any CPU = Debug|Any CPU
		Release|Any CPU = Release|Any CPU
	EndGlobalSection
	GlobalSection(ProjectConfigurationPlatforms) = postSolution
		{3E42CFCA-10B0-4429-82B3-732926C22113}.Debug|Any CPU.ActiveCfg = Debug|Any CPU
		{3E42CFCA-10B0-4429-82B3-732926C22113}.Debug|Any CPU.Build.0 = Debug|Any CPU
		{3E42CFCA-10B0-4429-82B3-732926C22113}.Release|Any CPU.ActiveCfg = Release|Any CPU
		{3E42CFCA-10B0-4429-82B3-732926C22113}.Release|Any CPU.Build.0 = Release|Any CPU
		{18980D17-EE94-428A-BA5D-98364EE12493}.Debug|Any CPU.ActiveCfg = Debug|Any CPU
		{18980D17-EE94-428A-BA5D-98364EE12493}.Debug|Any CPU.Build.0 = Debug|Any CPU
		{18980D17-EE94-428A-BA5D-98364EE12493}.Release|Any CPU.ActiveCfg = Release|Any CPU
		{18980D17-EE94-428A-BA5D-98364EE12493}.Release|Any CPU.Build.0 = Release|Any CPU
		{9C221F35-0C84-46C6-BED7-1B62CBFE1844}.Debug|Any CPU.ActiveCfg = Debug|Any CPU
		{9C221F35-0C84-46C6-BED7-1B62CBFE1844}.Debug|Any CPU.Build.0 = Debug|Any CPU
		{9C221F35-0C84-46C6-BED7-1B62CBFE1844}.Release|Any CPU.ActiveCfg = Release|Any CPU
		{9C221F35-0C84-46C6-BED7-1B62CBFE1844}.Release|Any CPU.Build.0 = Release|Any CPU
		{13BF38D7-F560-494A-BD74-DDA547120E10}.Debug|Any CPU.ActiveCfg = Debug|Any CPU
		{13BF38D7-F560-494A-BD74-DDA547120E10}.Debug|Any CPU.Build.0 = Debug|Any CPU
		{13BF38D7-F560-494A-BD74-DDA547120E10}.Release|Any CPU.ActiveCfg = Release|Any CPU
		{13BF38D7-F560-494A-BD74-DDA547120E10}.Release|Any CPU.Build.0 = Release|Any CPU
		{98014854-DE74-4073-ABD1-BC8D4FF4DD67}.Debug|Any CPU.ActiveCfg = Debug|Any CPU
		{98014854-DE74-4073-ABD1-BC8D4FF4DD67}.Debug|Any CPU.Build.0 = Debug|Any CPU
		{98014854-DE74-4073-ABD1-BC8D4FF4DD67}.Release|Any CPU.ActiveCfg = Release|Any CPU
		{98014854-DE74-4073-ABD1-BC8D4FF4DD67}.Release|Any CPU.Build.0 = Release|Any CPU
		{3A36BDEC-FB5D-419C-93BA-A8DCFC284CD0}.Debug|Any CPU.ActiveCfg = Debug|Any CPU
		{3A36BDEC-FB5D-419C-93BA-A8DCFC284CD0}.Debug|Any CPU.Build.0 = Debug|Any CPU
		{3A36BDEC-FB5D-419C-93BA-A8DCFC284CD0}.Release|Any CPU.ActiveCfg = Release|Any CPU
		{3A36BDEC-FB5D-419C-93BA-A8DCFC284CD0}.Release|Any CPU.Build.0 = Release|Any CPU
		{11AC7BE0-9AAB-456B-8E34-3F08084C898E}.Debug|Any CPU.ActiveCfg = Debug|Any CPU
		{11AC7BE0-9AAB-456B-8E34-3F08084C898E}.Debug|Any CPU.Build.0 = Debug|Any CPU
		{11AC7BE0-9AAB-456B-8E34-3F08084C898E}.Release|Any CPU.ActiveCfg = Release|Any CPU
		{11AC7BE0-9AAB-456B-8E34-3F08084C898E}.Release|Any CPU.Build.0 = Release|Any CPU
		{A5CAAC37-2C47-4825-844F-5F3838D48F73}.Debug|Any CPU.ActiveCfg = Debug|Any CPU
		{A5CAAC37-2C47-4825-844F-5F3838D48F73}.Debug|Any CPU.Build.0 = Debug|Any CPU
		{A5CAAC37-2C47-4825-844F-5F3838D48F73}.Release|Any CPU.ActiveCfg = Release|Any CPU
		{A5CAAC37-2C47-4825-844F-5F3838D48F73}.Release|Any CPU.Build.0 = Release|Any CPU
	EndGlobalSection
	GlobalSection(SolutionProperties) = preSolution
		HideSolutionNode = FALSE
	EndGlobalSection
	GlobalSection(NestedProjects) = preSolution
		{18980D17-EE94-428A-BA5D-98364EE12493} = {14C11533-B479-4F8F-AC41-F57B3D8A35EB}
		{9C221F35-0C84-46C6-BED7-1B62CBFE1844} = {BD96F256-EA1F-482D-8402-FCF65330079C}
		{13BF38D7-F560-494A-BD74-DDA547120E10} = {BD96F256-EA1F-482D-8402-FCF65330079C}
		{98014854-DE74-4073-ABD1-BC8D4FF4DD67} = {BD96F256-EA1F-482D-8402-FCF65330079C}
		{A5CAAC37-2C47-4825-844F-5F3838D48F73} = {BD96F256-EA1F-482D-8402-FCF65330079C}
	EndGlobalSection
EndGlobal
